
Microsoft Visual Studio Solution File, Format Version 12.00
# Visual Studio 15
VisualStudioVersion = 15.0.27130.2036
MinimumVisualStudioVersion = 10.0.40219.1
Project("{FAE04EC0-301F-11D3-BF4B-00C04F79EFBC}") = "MegaChallengeCasino", "MegaChallengeCasino\MegaChallengeCasino.csproj", "{C2C7F2FF-C601-4285-BA5D-0B6D061AA8C8}"
EndProject
Global
	GlobalSection(SolutionConfigurationPlatforms) = preSolution
		Debug|Any CPU = Debug|Any CPU
		Release|Any CPU = Release|Any CPU
	EndGlobalSection
	GlobalSection(ProjectConfigurationPlatforms) = postSolution
		{C2C7F2FF-C601-4285-BA5D-0B6D061AA8C8}.Debug|Any CPU.ActiveCfg = Debug|Any CPU
		{C2C7F2FF-C601-4285-BA5D-0B6D061AA8C8}.Debug|Any CPU.Build.0 = Debug|Any CPU
		{C2C7F2FF-C601-4285-BA5D-0B6D061AA8C8}.Release|Any CPU.ActiveCfg = Release|Any CPU
		{C2C7F2FF-C601-4285-BA5D-0B6D061AA8C8}.Release|Any CPU.Build.0 = Release|Any CPU
	EndGlobalSection
	GlobalSection(SolutionProperties) = preSolution
		HideSolutionNode = FALSE
	EndGlobalSection
	GlobalSection(ExtensibilityGlobals) = postSolution
		SolutionGuid = {0EC6425C-7457-4F97-92BD-EA44431AE655}
	EndGlobalSection
EndGlobal
